// !$*UTF8*$!
{
	archiveVersion = 1;
	classes = {
	};
	objectVersion = 50;
	objects = {

/* Begin PBXBuildFile section */
		00319A9C253B771D00F79AB8 /* CloseButton.swift in Sources */ = {isa = PBXBuildFile; fileRef = 00319A9B253B771D00F79AB8 /* CloseButton.swift */; };
		00319AA5253B773A00F79AB8 /* TokenLogo.swift in Sources */ = {isa = PBXBuildFile; fileRef = 00319AA4253B773A00F79AB8 /* TokenLogo.swift */; };
		00319AAA253B774E00F79AB8 /* StatsCard.swift in Sources */ = {isa = PBXBuildFile; fileRef = 00319AA9253B774E00F79AB8 /* StatsCard.swift */; };
		00319AAF253B776300F79AB8 /* VaultRow.swift in Sources */ = {isa = PBXBuildFile; fileRef = 00319AAE253B776300F79AB8 /* VaultRow.swift */; };
		00319AB4253B777A00F79AB8 /* HomePage.swift in Sources */ = {isa = PBXBuildFile; fileRef = 00319AB3253B777A00F79AB8 /* HomePage.swift */; };
		00319ABD253B778800F79AB8 /* VaultPage.swift in Sources */ = {isa = PBXBuildFile; fileRef = 00319ABC253B778800F79AB8 /* VaultPage.swift */; };
		00319AC2253B780800F79AB8 /* Vault.swift in Sources */ = {isa = PBXBuildFile; fileRef = 00319AC1253B780800F79AB8 /* Vault.swift */; };
		00319AD9253B7DEF00F79AB8 /* SettingsPage.swift in Sources */ = {isa = PBXBuildFile; fileRef = 00319AD8253B7DEF00F79AB8 /* SettingsPage.swift */; };
		00319ADE253B7DF800F79AB8 /* StatsPage.swift in Sources */ = {isa = PBXBuildFile; fileRef = 00319ADD253B7DF800F79AB8 /* StatsPage.swift */; };
		00319AE3253B7E1700F79AB8 /* TabBar.swift in Sources */ = {isa = PBXBuildFile; fileRef = 00319AE2253B7E1700F79AB8 /* TabBar.swift */; };
		00319AEF253B88AD00F79AB8 /* ConditionalModifier.swift in Sources */ = {isa = PBXBuildFile; fileRef = 00319AEE253B88AD00F79AB8 /* ConditionalModifier.swift */; };
		00319AFB253B985500F79AB8 /* SectionTitle.swift in Sources */ = {isa = PBXBuildFile; fileRef = 00319AFA253B985500F79AB8 /* SectionTitle.swift */; };
		00319B03253BB27200F79AB8 /* AddButton.swift in Sources */ = {isa = PBXBuildFile; fileRef = 00319B02253BB27200F79AB8 /* AddButton.swift */; };
		00319B0B253BBD1500F79AB8 /* VaultDetailPage.swift in Sources */ = {isa = PBXBuildFile; fileRef = 00319B0A253BBD1500F79AB8 /* VaultDetailPage.swift */; };
		00319B16253BC74600F79AB8 /* DetailedAmount.swift in Sources */ = {isa = PBXBuildFile; fileRef = 00319B15253BC74600F79AB8 /* DetailedAmount.swift */; };
		00319B1B253BC9F000F79AB8 /* RatioDetail.swift in Sources */ = {isa = PBXBuildFile; fileRef = 00319B1A253BC9F000F79AB8 /* RatioDetail.swift */; };
		00319B20253BCEF300F79AB8 /* PriceDetail.swift in Sources */ = {isa = PBXBuildFile; fileRef = 00319B1F253BCEF300F79AB8 /* PriceDetail.swift */; };
		00796AE725413C1700574ABF /* EmptyWatchlist.swift in Sources */ = {isa = PBXBuildFile; fileRef = 00796AE625413C1700574ABF /* EmptyWatchlist.swift */; };
		00891272253FEDD000F87C67 /* AddVaultPage.swift in Sources */ = {isa = PBXBuildFile; fileRef = 00891271253FEDD000F87C67 /* AddVaultPage.swift */; };
		0089127A253FF96A00F87C67 /* Helpers.swift in Sources */ = {isa = PBXBuildFile; fileRef = 00891279253FF96A00F87C67 /* Helpers.swift */; };
		00D99953252A25FE0004518A /* SafeVaultsApp.swift in Sources */ = {isa = PBXBuildFile; fileRef = 00D99952252A25FE0004518A /* SafeVaultsApp.swift */; };
		00D99957252A25FE0004518A /* Assets.xcassets in Resources */ = {isa = PBXBuildFile; fileRef = 00D99956252A25FE0004518A /* Assets.xcassets */; };
		00D9995A252A25FE0004518A /* Preview Assets.xcassets in Resources */ = {isa = PBXBuildFile; fileRef = 00D99959252A25FE0004518A /* Preview Assets.xcassets */; };
		00D99965252A25FF0004518A /* SafeVaultsTests.swift in Sources */ = {isa = PBXBuildFile; fileRef = 00D99964252A25FF0004518A /* SafeVaultsTests.swift */; };
		00D99970252A25FF0004518A /* SafeVaultsUITests.swift in Sources */ = {isa = PBXBuildFile; fileRef = 00D9996F252A25FF0004518A /* SafeVaultsUITests.swift */; };
		00FA97EB25422D2300F72F73 /* ConfigButton.swift in Sources */ = {isa = PBXBuildFile; fileRef = 00FA97EA25422D2300F72F73 /* ConfigButton.swift */; };
		00FA97F32542347200F72F73 /* API.swift in Sources */ = {isa = PBXBuildFile; fileRef = 00FA97F22542347200F72F73 /* API.swift */; };
		00FA98012542464D00F72F73 /* WidgetKit.framework in Frameworks */ = {isa = PBXBuildFile; fileRef = 00FA98002542464D00F72F73 /* WidgetKit.framework */; };
		00FA98032542464D00F72F73 /* SwiftUI.framework in Frameworks */ = {isa = PBXBuildFile; fileRef = 00FA98022542464D00F72F73 /* SwiftUI.framework */; };
		00FA98062542464D00F72F73 /* SafeVaultWidget.swift in Sources */ = {isa = PBXBuildFile; fileRef = 00FA98052542464D00F72F73 /* SafeVaultWidget.swift */; };
		00FA98092542465000F72F73 /* Assets.xcassets in Resources */ = {isa = PBXBuildFile; fileRef = 00FA98082542465000F72F73 /* Assets.xcassets */; };
		00FA980B2542465000F72F73 /* SafeVaultWidget.intentdefinition in Sources */ = {isa = PBXBuildFile; fileRef = 00FA98072542464D00F72F73 /* SafeVaultWidget.intentdefinition */; };
		00FA980C2542465000F72F73 /* SafeVaultWidget.intentdefinition in Sources */ = {isa = PBXBuildFile; fileRef = 00FA98072542464D00F72F73 /* SafeVaultWidget.intentdefinition */; };
		00FA980F2542465000F72F73 /* SafeVaultWidgetExtension.appex in Embed App Extensions */ = {isa = PBXBuildFile; fileRef = 00FA97FE2542464D00F72F73 /* SafeVaultWidgetExtension.appex */; settings = {ATTRIBUTES = (RemoveHeadersOnCopy, ); }; };
		00FA9818254247A700F72F73 /* Vault.swift in Sources */ = {isa = PBXBuildFile; fileRef = 00319AC1253B780800F79AB8 /* Vault.swift */; };
		00FA981D254247AE00F72F73 /* Helpers.swift in Sources */ = {isa = PBXBuildFile; fileRef = 00891279253FF96A00F87C67 /* Helpers.swift */; };
		00FA9822254247B900F72F73 /* VaultRow.swift in Sources */ = {isa = PBXBuildFile; fileRef = 00319AAE253B776300F79AB8 /* VaultRow.swift */; };
		00FA9827254247C500F72F73 /* TokenLogo.swift in Sources */ = {isa = PBXBuildFile; fileRef = 00319AA4253B773A00F79AB8 /* TokenLogo.swift */; };
		00FA982C254247CE00F72F73 /* API.swift in Sources */ = {isa = PBXBuildFile; fileRef = 00FA97F22542347200F72F73 /* API.swift */; };
		00FA982D254247CE00F72F73 /* ConditionalModifier.swift in Sources */ = {isa = PBXBuildFile; fileRef = 00319AEE253B88AD00F79AB8 /* ConditionalModifier.swift */; };
		00FA9832254247D900F72F73 /* Assets.xcassets in Resources */ = {isa = PBXBuildFile; fileRef = 00D99956252A25FE0004518A /* Assets.xcassets */; };
/* End PBXBuildFile section */

/* Begin PBXContainerItemProxy section */
		00D99961252A25FF0004518A /* PBXContainerItemProxy */ = {
			isa = PBXContainerItemProxy;
			containerPortal = 00D99947252A25FE0004518A /* Project object */;
			proxyType = 1;
			remoteGlobalIDString = 00D9994E252A25FE0004518A;
			remoteInfo = SafeVaults;
		};
		00D9996C252A25FF0004518A /* PBXContainerItemProxy */ = {
			isa = PBXContainerItemProxy;
			containerPortal = 00D99947252A25FE0004518A /* Project object */;
			proxyType = 1;
			remoteGlobalIDString = 00D9994E252A25FE0004518A;
			remoteInfo = SafeVaults;
		};
		00FA980D2542465000F72F73 /* PBXContainerItemProxy */ = {
			isa = PBXContainerItemProxy;
			containerPortal = 00D99947252A25FE0004518A /* Project object */;
			proxyType = 1;
			remoteGlobalIDString = 00FA97FD2542464D00F72F73;
			remoteInfo = SafeVaultWidgetExtension;
		};
/* End PBXContainerItemProxy section */

/* Begin PBXCopyFilesBuildPhase section */
		00FA98132542465000F72F73 /* Embed App Extensions */ = {
			isa = PBXCopyFilesBuildPhase;
			buildActionMask = 2147483647;
			dstPath = "";
			dstSubfolderSpec = 13;
			files = (
				00FA980F2542465000F72F73 /* SafeVaultWidgetExtension.appex in Embed App Extensions */,
			);
			name = "Embed App Extensions";
			runOnlyForDeploymentPostprocessing = 0;
		};
/* End PBXCopyFilesBuildPhase section */

/* Begin PBXFileReference section */
		00319A9B253B771D00F79AB8 /* CloseButton.swift */ = {isa = PBXFileReference; lastKnownFileType = sourcecode.swift; path = CloseButton.swift; sourceTree = "<group>"; };
		00319AA4253B773A00F79AB8 /* TokenLogo.swift */ = {isa = PBXFileReference; lastKnownFileType = sourcecode.swift; path = TokenLogo.swift; sourceTree = "<group>"; };
		00319AA9253B774E00F79AB8 /* StatsCard.swift */ = {isa = PBXFileReference; lastKnownFileType = sourcecode.swift; path = StatsCard.swift; sourceTree = "<group>"; };
		00319AAE253B776300F79AB8 /* VaultRow.swift */ = {isa = PBXFileReference; lastKnownFileType = sourcecode.swift; path = VaultRow.swift; sourceTree = "<group>"; };
		00319AB3253B777A00F79AB8 /* HomePage.swift */ = {isa = PBXFileReference; lastKnownFileType = sourcecode.swift; path = HomePage.swift; sourceTree = "<group>"; };
		00319ABC253B778800F79AB8 /* VaultPage.swift */ = {isa = PBXFileReference; lastKnownFileType = sourcecode.swift; path = VaultPage.swift; sourceTree = "<group>"; };
		00319AC1253B780800F79AB8 /* Vault.swift */ = {isa = PBXFileReference; lastKnownFileType = sourcecode.swift; path = Vault.swift; sourceTree = "<group>"; };
		00319AD8253B7DEF00F79AB8 /* SettingsPage.swift */ = {isa = PBXFileReference; lastKnownFileType = sourcecode.swift; path = SettingsPage.swift; sourceTree = "<group>"; };
		00319ADD253B7DF800F79AB8 /* StatsPage.swift */ = {isa = PBXFileReference; lastKnownFileType = sourcecode.swift; path = StatsPage.swift; sourceTree = "<group>"; };
		00319AE2253B7E1700F79AB8 /* TabBar.swift */ = {isa = PBXFileReference; lastKnownFileType = sourcecode.swift; path = TabBar.swift; sourceTree = "<group>"; };
		00319AEE253B88AD00F79AB8 /* ConditionalModifier.swift */ = {isa = PBXFileReference; lastKnownFileType = sourcecode.swift; path = ConditionalModifier.swift; sourceTree = "<group>"; };
		00319AFA253B985500F79AB8 /* SectionTitle.swift */ = {isa = PBXFileReference; lastKnownFileType = sourcecode.swift; path = SectionTitle.swift; sourceTree = "<group>"; };
		00319B02253BB27200F79AB8 /* AddButton.swift */ = {isa = PBXFileReference; lastKnownFileType = sourcecode.swift; path = AddButton.swift; sourceTree = "<group>"; };
		00319B0A253BBD1500F79AB8 /* VaultDetailPage.swift */ = {isa = PBXFileReference; lastKnownFileType = sourcecode.swift; path = VaultDetailPage.swift; sourceTree = "<group>"; };
		00319B15253BC74600F79AB8 /* DetailedAmount.swift */ = {isa = PBXFileReference; lastKnownFileType = sourcecode.swift; path = DetailedAmount.swift; sourceTree = "<group>"; };
		00319B1A253BC9F000F79AB8 /* RatioDetail.swift */ = {isa = PBXFileReference; lastKnownFileType = sourcecode.swift; path = RatioDetail.swift; sourceTree = "<group>"; };
		00319B1F253BCEF300F79AB8 /* PriceDetail.swift */ = {isa = PBXFileReference; lastKnownFileType = sourcecode.swift; path = PriceDetail.swift; sourceTree = "<group>"; };
		00796AE625413C1700574ABF /* EmptyWatchlist.swift */ = {isa = PBXFileReference; lastKnownFileType = sourcecode.swift; path = EmptyWatchlist.swift; sourceTree = "<group>"; };
		00891271253FEDD000F87C67 /* AddVaultPage.swift */ = {isa = PBXFileReference; lastKnownFileType = sourcecode.swift; path = AddVaultPage.swift; sourceTree = "<group>"; };
		00891279253FF96A00F87C67 /* Helpers.swift */ = {isa = PBXFileReference; lastKnownFileType = sourcecode.swift; path = Helpers.swift; sourceTree = "<group>"; };
		00D9994F252A25FE0004518A /* SafeVaults.app */ = {isa = PBXFileReference; explicitFileType = wrapper.application; includeInIndex = 0; path = SafeVaults.app; sourceTree = BUILT_PRODUCTS_DIR; };
		00D99952252A25FE0004518A /* SafeVaultsApp.swift */ = {isa = PBXFileReference; lastKnownFileType = sourcecode.swift; path = SafeVaultsApp.swift; sourceTree = "<group>"; };
		00D99956252A25FE0004518A /* Assets.xcassets */ = {isa = PBXFileReference; lastKnownFileType = folder.assetcatalog; path = Assets.xcassets; sourceTree = "<group>"; };
		00D99959252A25FE0004518A /* Preview Assets.xcassets */ = {isa = PBXFileReference; lastKnownFileType = folder.assetcatalog; path = "Preview Assets.xcassets"; sourceTree = "<group>"; };
		00D9995B252A25FE0004518A /* Info.plist */ = {isa = PBXFileReference; lastKnownFileType = text.plist.xml; path = Info.plist; sourceTree = "<group>"; };
		00D99960252A25FF0004518A /* SafeVaultsTests.xctest */ = {isa = PBXFileReference; explicitFileType = wrapper.cfbundle; includeInIndex = 0; path = SafeVaultsTests.xctest; sourceTree = BUILT_PRODUCTS_DIR; };
		00D99964252A25FF0004518A /* SafeVaultsTests.swift */ = {isa = PBXFileReference; lastKnownFileType = sourcecode.swift; path = SafeVaultsTests.swift; sourceTree = "<group>"; };
		00D99966252A25FF0004518A /* Info.plist */ = {isa = PBXFileReference; lastKnownFileType = text.plist.xml; path = Info.plist; sourceTree = "<group>"; };
		00D9996B252A25FF0004518A /* SafeVaultsUITests.xctest */ = {isa = PBXFileReference; explicitFileType = wrapper.cfbundle; includeInIndex = 0; path = SafeVaultsUITests.xctest; sourceTree = BUILT_PRODUCTS_DIR; };
		00D9996F252A25FF0004518A /* SafeVaultsUITests.swift */ = {isa = PBXFileReference; lastKnownFileType = sourcecode.swift; path = SafeVaultsUITests.swift; sourceTree = "<group>"; };
		00D99971252A25FF0004518A /* Info.plist */ = {isa = PBXFileReference; lastKnownFileType = text.plist.xml; path = Info.plist; sourceTree = "<group>"; };
		00FA97EA25422D2300F72F73 /* ConfigButton.swift */ = {isa = PBXFileReference; lastKnownFileType = sourcecode.swift; path = ConfigButton.swift; sourceTree = "<group>"; };
		00FA97F22542347200F72F73 /* API.swift */ = {isa = PBXFileReference; lastKnownFileType = sourcecode.swift; path = API.swift; sourceTree = "<group>"; };
		00FA97FE2542464D00F72F73 /* SafeVaultWidgetExtension.appex */ = {isa = PBXFileReference; explicitFileType = "wrapper.app-extension"; includeInIndex = 0; path = SafeVaultWidgetExtension.appex; sourceTree = BUILT_PRODUCTS_DIR; };
		00FA98002542464D00F72F73 /* WidgetKit.framework */ = {isa = PBXFileReference; lastKnownFileType = wrapper.framework; name = WidgetKit.framework; path = System/Library/Frameworks/WidgetKit.framework; sourceTree = SDKROOT; };
		00FA98022542464D00F72F73 /* SwiftUI.framework */ = {isa = PBXFileReference; lastKnownFileType = wrapper.framework; name = SwiftUI.framework; path = System/Library/Frameworks/SwiftUI.framework; sourceTree = SDKROOT; };
		00FA98052542464D00F72F73 /* SafeVaultWidget.swift */ = {isa = PBXFileReference; lastKnownFileType = sourcecode.swift; path = SafeVaultWidget.swift; sourceTree = "<group>"; };
		00FA98072542464D00F72F73 /* SafeVaultWidget.intentdefinition */ = {isa = PBXFileReference; lastKnownFileType = file.intentdefinition; path = SafeVaultWidget.intentdefinition; sourceTree = "<group>"; };
		00FA98082542465000F72F73 /* Assets.xcassets */ = {isa = PBXFileReference; lastKnownFileType = folder.assetcatalog; path = Assets.xcassets; sourceTree = "<group>"; };
		00FA980A2542465000F72F73 /* Info.plist */ = {isa = PBXFileReference; lastKnownFileType = text.plist.xml; path = Info.plist; sourceTree = "<group>"; };
		00FA98372542584100F72F73 /* SafeVaults.entitlements */ = {isa = PBXFileReference; lastKnownFileType = text.plist.entitlements; path = SafeVaults.entitlements; sourceTree = "<group>"; };
/* End PBXFileReference section */

/* Begin PBXFrameworksBuildPhase section */
		00D9994C252A25FE0004518A /* Frameworks */ = {
			isa = PBXFrameworksBuildPhase;
			buildActionMask = 2147483647;
			files = (
			);
			runOnlyForDeploymentPostprocessing = 0;
		};
		00D9995D252A25FF0004518A /* Frameworks */ = {
			isa = PBXFrameworksBuildPhase;
			buildActionMask = 2147483647;
			files = (
			);
			runOnlyForDeploymentPostprocessing = 0;
		};
		00D99968252A25FF0004518A /* Frameworks */ = {
			isa = PBXFrameworksBuildPhase;
			buildActionMask = 2147483647;
			files = (
			);
			runOnlyForDeploymentPostprocessing = 0;
		};
		00FA97FB2542464D00F72F73 /* Frameworks */ = {
			isa = PBXFrameworksBuildPhase;
			buildActionMask = 2147483647;
			files = (
				00FA98032542464D00F72F73 /* SwiftUI.framework in Frameworks */,
				00FA98012542464D00F72F73 /* WidgetKit.framework in Frameworks */,
			);
			runOnlyForDeploymentPostprocessing = 0;
		};
/* End PBXFrameworksBuildPhase section */

/* Begin PBXGroup section */
		00319AA0253B772300F79AB8 /* Components */ = {
			isa = PBXGroup;
			children = (
				00319B02253BB27200F79AB8 /* AddButton.swift */,
				00319A9B253B771D00F79AB8 /* CloseButton.swift */,
				00FA97EA25422D2300F72F73 /* ConfigButton.swift */,
				00796AE625413C1700574ABF /* EmptyWatchlist.swift */,
				00319AA4253B773A00F79AB8 /* TokenLogo.swift */,
				00319AA9253B774E00F79AB8 /* StatsCard.swift */,
				00319AAE253B776300F79AB8 /* VaultRow.swift */,
				00319AFA253B985500F79AB8 /* SectionTitle.swift */,
				00319B15253BC74600F79AB8 /* DetailedAmount.swift */,
				00319B1A253BC9F000F79AB8 /* RatioDetail.swift */,
				00319B1F253BCEF300F79AB8 /* PriceDetail.swift */,
			);
			path = Components;
			sourceTree = "<group>";
		};
		00319AB8253B777E00F79AB8 /* Pages */ = {
			isa = PBXGroup;
			children = (
				00891271253FEDD000F87C67 /* AddVaultPage.swift */,
				00319AB3253B777A00F79AB8 /* HomePage.swift */,
				00319ABC253B778800F79AB8 /* VaultPage.swift */,
				00319AD8253B7DEF00F79AB8 /* SettingsPage.swift */,
				00319ADD253B7DF800F79AB8 /* StatsPage.swift */,
				00319B0A253BBD1500F79AB8 /* VaultDetailPage.swift */,
			);
			path = Pages;
			sourceTree = "<group>";
		};
		00319AE7253B7E1D00F79AB8 /* Navigation */ = {
			isa = PBXGroup;
			children = (
				00319AE2253B7E1700F79AB8 /* TabBar.swift */,
			);
			path = Navigation;
			sourceTree = "<group>";
		};
		00319AF3253B88BB00F79AB8 /* Lib */ = {
			isa = PBXGroup;
			children = (
				00FA97F22542347200F72F73 /* API.swift */,
				00319AEE253B88AD00F79AB8 /* ConditionalModifier.swift */,
			);
			path = Lib;
			sourceTree = "<group>";
		};
		00D99946252A25FE0004518A = {
			isa = PBXGroup;
			children = (
				00D99951252A25FE0004518A /* SafeVaults */,
				00D99963252A25FF0004518A /* SafeVaultsTests */,
				00D9996E252A25FF0004518A /* SafeVaultsUITests */,
				00FA98042542464D00F72F73 /* SafeVaultWidget */,
				00FA97FF2542464D00F72F73 /* Frameworks */,
				00D99950252A25FE0004518A /* Products */,
			);
			sourceTree = "<group>";
		};
		00D99950252A25FE0004518A /* Products */ = {
			isa = PBXGroup;
			children = (
				00D9994F252A25FE0004518A /* SafeVaults.app */,
				00D99960252A25FF0004518A /* SafeVaultsTests.xctest */,
				00D9996B252A25FF0004518A /* SafeVaultsUITests.xctest */,
				00FA97FE2542464D00F72F73 /* SafeVaultWidgetExtension.appex */,
			);
			name = Products;
			sourceTree = "<group>";
		};
		00D99951252A25FE0004518A /* SafeVaults */ = {
			isa = PBXGroup;
			children = (
				00FA98372542584100F72F73 /* SafeVaults.entitlements */,
				00D99952252A25FE0004518A /* SafeVaultsApp.swift */,
				00319AA0253B772300F79AB8 /* Components */,
				00F57BEF253270A7002B1A2D /* Model */,
				00319AF3253B88BB00F79AB8 /* Lib */,
				00319AB8253B777E00F79AB8 /* Pages */,
				00319AE7253B7E1D00F79AB8 /* Navigation */,
				00D99956252A25FE0004518A /* Assets.xcassets */,
				00D9995B252A25FE0004518A /* Info.plist */,
				00D99958252A25FE0004518A /* Preview Content */,
			);
			path = SafeVaults;
			sourceTree = "<group>";
		};
		00D99958252A25FE0004518A /* Preview Content */ = {
			isa = PBXGroup;
			children = (
				00D99959252A25FE0004518A /* Preview Assets.xcassets */,
			);
			path = "Preview Content";
			sourceTree = "<group>";
		};
		00D99963252A25FF0004518A /* SafeVaultsTests */ = {
			isa = PBXGroup;
			children = (
				00D99964252A25FF0004518A /* SafeVaultsTests.swift */,
				00D99966252A25FF0004518A /* Info.plist */,
			);
			path = SafeVaultsTests;
			sourceTree = "<group>";
		};
		00D9996E252A25FF0004518A /* SafeVaultsUITests */ = {
			isa = PBXGroup;
			children = (
				00D9996F252A25FF0004518A /* SafeVaultsUITests.swift */,
				00D99971252A25FF0004518A /* Info.plist */,
			);
			path = SafeVaultsUITests;
			sourceTree = "<group>";
		};
		00F57BEF253270A7002B1A2D /* Model */ = {
			isa = PBXGroup;
			children = (
				00319AC1253B780800F79AB8 /* Vault.swift */,
				00891279253FF96A00F87C67 /* Helpers.swift */,
			);
			path = Model;
			sourceTree = "<group>";
		};
		00FA97FF2542464D00F72F73 /* Frameworks */ = {
			isa = PBXGroup;
			children = (
				00FA98002542464D00F72F73 /* WidgetKit.framework */,
				00FA98022542464D00F72F73 /* SwiftUI.framework */,
			);
			name = Frameworks;
			sourceTree = "<group>";
		};
		00FA98042542464D00F72F73 /* SafeVaultWidget */ = {
			isa = PBXGroup;
			children = (
				00FA98052542464D00F72F73 /* SafeVaultWidget.swift */,
				00FA98072542464D00F72F73 /* SafeVaultWidget.intentdefinition */,
				00FA98082542465000F72F73 /* Assets.xcassets */,
				00FA980A2542465000F72F73 /* Info.plist */,
			);
			path = SafeVaultWidget;
			sourceTree = "<group>";
		};
/* End PBXGroup section */

/* Begin PBXNativeTarget section */
		00D9994E252A25FE0004518A /* SafeVaults */ = {
			isa = PBXNativeTarget;
			buildConfigurationList = 00D99974252A25FF0004518A /* Build configuration list for PBXNativeTarget "SafeVaults" */;
			buildPhases = (
				00D9994B252A25FE0004518A /* Sources */,
				00D9994C252A25FE0004518A /* Frameworks */,
				00D9994D252A25FE0004518A /* Resources */,
				00FA98132542465000F72F73 /* Embed App Extensions */,
			);
			buildRules = (
			);
			dependencies = (
				00FA980E2542465000F72F73 /* PBXTargetDependency */,
			);
			name = SafeVaults;
			productName = SafeVaults;
			productReference = 00D9994F252A25FE0004518A /* SafeVaults.app */;
			productType = "com.apple.product-type.application";
		};
		00D9995F252A25FF0004518A /* SafeVaultsTests */ = {
			isa = PBXNativeTarget;
			buildConfigurationList = 00D99977252A25FF0004518A /* Build configuration list for PBXNativeTarget "SafeVaultsTests" */;
			buildPhases = (
				00D9995C252A25FF0004518A /* Sources */,
				00D9995D252A25FF0004518A /* Frameworks */,
				00D9995E252A25FF0004518A /* Resources */,
			);
			buildRules = (
			);
			dependencies = (
				00D99962252A25FF0004518A /* PBXTargetDependency */,
			);
			name = SafeVaultsTests;
			productName = SafeVaultsTests;
			productReference = 00D99960252A25FF0004518A /* SafeVaultsTests.xctest */;
			productType = "com.apple.product-type.bundle.unit-test";
		};
		00D9996A252A25FF0004518A /* SafeVaultsUITests */ = {
			isa = PBXNativeTarget;
			buildConfigurationList = 00D9997A252A25FF0004518A /* Build configuration list for PBXNativeTarget "SafeVaultsUITests" */;
			buildPhases = (
				00D99967252A25FF0004518A /* Sources */,
				00D99968252A25FF0004518A /* Frameworks */,
				00D99969252A25FF0004518A /* Resources */,
			);
			buildRules = (
			);
			dependencies = (
				00D9996D252A25FF0004518A /* PBXTargetDependency */,
			);
			name = SafeVaultsUITests;
			productName = SafeVaultsUITests;
			productReference = 00D9996B252A25FF0004518A /* SafeVaultsUITests.xctest */;
			productType = "com.apple.product-type.bundle.ui-testing";
		};
		00FA97FD2542464D00F72F73 /* SafeVaultWidgetExtension */ = {
			isa = PBXNativeTarget;
			buildConfigurationList = 00FA98102542465000F72F73 /* Build configuration list for PBXNativeTarget "SafeVaultWidgetExtension" */;
			buildPhases = (
				00FA97FA2542464D00F72F73 /* Sources */,
				00FA97FB2542464D00F72F73 /* Frameworks */,
				00FA97FC2542464D00F72F73 /* Resources */,
			);
			buildRules = (
			);
			dependencies = (
			);
			name = SafeVaultWidgetExtension;
			productName = SafeVaultWidgetExtension;
			productReference = 00FA97FE2542464D00F72F73 /* SafeVaultWidgetExtension.appex */;
			productType = "com.apple.product-type.app-extension";
		};
/* End PBXNativeTarget section */

/* Begin PBXProject section */
		00D99947252A25FE0004518A /* Project object */ = {
			isa = PBXProject;
			attributes = {
				LastSwiftUpdateCheck = 1200;
				LastUpgradeCheck = 1200;
				TargetAttributes = {
					00D9994E252A25FE0004518A = {
						CreatedOnToolsVersion = 12.0.1;
					};
					00D9995F252A25FF0004518A = {
						CreatedOnToolsVersion = 12.0.1;
						TestTargetID = 00D9994E252A25FE0004518A;
					};
					00D9996A252A25FF0004518A = {
						CreatedOnToolsVersion = 12.0.1;
						TestTargetID = 00D9994E252A25FE0004518A;
					};
					00FA97FD2542464D00F72F73 = {
						CreatedOnToolsVersion = 12.0.1;
					};
				};
			};
			buildConfigurationList = 00D9994A252A25FE0004518A /* Build configuration list for PBXProject "SafeVaults" */;
			compatibilityVersion = "Xcode 9.3";
			developmentRegion = en;
			hasScannedForEncodings = 0;
			knownRegions = (
				en,
				Base,
			);
			mainGroup = 00D99946252A25FE0004518A;
			productRefGroup = 00D99950252A25FE0004518A /* Products */;
			projectDirPath = "";
			projectRoot = "";
			targets = (
				00D9994E252A25FE0004518A /* SafeVaults */,
				00D9995F252A25FF0004518A /* SafeVaultsTests */,
				00D9996A252A25FF0004518A /* SafeVaultsUITests */,
				00FA97FD2542464D00F72F73 /* SafeVaultWidgetExtension */,
			);
		};
/* End PBXProject section */

/* Begin PBXResourcesBuildPhase section */
		00D9994D252A25FE0004518A /* Resources */ = {
			isa = PBXResourcesBuildPhase;
			buildActionMask = 2147483647;
			files = (
				00D9995A252A25FE0004518A /* Preview Assets.xcassets in Resources */,
				00D99957252A25FE0004518A /* Assets.xcassets in Resources */,
			);
			runOnlyForDeploymentPostprocessing = 0;
		};
		00D9995E252A25FF0004518A /* Resources */ = {
			isa = PBXResourcesBuildPhase;
			buildActionMask = 2147483647;
			files = (
			);
			runOnlyForDeploymentPostprocessing = 0;
		};
		00D99969252A25FF0004518A /* Resources */ = {
			isa = PBXResourcesBuildPhase;
			buildActionMask = 2147483647;
			files = (
			);
			runOnlyForDeploymentPostprocessing = 0;
		};
		00FA97FC2542464D00F72F73 /* Resources */ = {
			isa = PBXResourcesBuildPhase;
			buildActionMask = 2147483647;
			files = (
				00FA9832254247D900F72F73 /* Assets.xcassets in Resources */,
				00FA98092542465000F72F73 /* Assets.xcassets in Resources */,
			);
			runOnlyForDeploymentPostprocessing = 0;
		};
/* End PBXResourcesBuildPhase section */

/* Begin PBXSourcesBuildPhase section */
		00D9994B252A25FE0004518A /* Sources */ = {
			isa = PBXSourcesBuildPhase;
			buildActionMask = 2147483647;
			files = (
				00FA980C2542465000F72F73 /* SafeVaultWidget.intentdefinition in Sources */,
				00319AFB253B985500F79AB8 /* SectionTitle.swift in Sources */,
				00796AE725413C1700574ABF /* EmptyWatchlist.swift in Sources */,
				00319AAF253B776300F79AB8 /* VaultRow.swift in Sources */,
				00319B03253BB27200F79AB8 /* AddButton.swift in Sources */,
				0089127A253FF96A00F87C67 /* Helpers.swift in Sources */,
				00319AAA253B774E00F79AB8 /* StatsCard.swift in Sources */,
				00319AE3253B7E1700F79AB8 /* TabBar.swift in Sources */,
				00319AB4253B777A00F79AB8 /* HomePage.swift in Sources */,
				00D99953252A25FE0004518A /* SafeVaultsApp.swift in Sources */,
				00FA97EB25422D2300F72F73 /* ConfigButton.swift in Sources */,
				00319ABD253B778800F79AB8 /* VaultPage.swift in Sources */,
				00319A9C253B771D00F79AB8 /* CloseButton.swift in Sources */,
				00891272253FEDD000F87C67 /* AddVaultPage.swift in Sources */,
				00319B1B253BC9F000F79AB8 /* RatioDetail.swift in Sources */,
				00319AA5253B773A00F79AB8 /* TokenLogo.swift in Sources */,
				00FA97F32542347200F72F73 /* API.swift in Sources */,
				00319ADE253B7DF800F79AB8 /* StatsPage.swift in Sources */,
				00319B0B253BBD1500F79AB8 /* VaultDetailPage.swift in Sources */,
				00319AC2253B780800F79AB8 /* Vault.swift in Sources */,
				00319B20253BCEF300F79AB8 /* PriceDetail.swift in Sources */,
				00319AD9253B7DEF00F79AB8 /* SettingsPage.swift in Sources */,
				00319AEF253B88AD00F79AB8 /* ConditionalModifier.swift in Sources */,
				00319B16253BC74600F79AB8 /* DetailedAmount.swift in Sources */,
			);
			runOnlyForDeploymentPostprocessing = 0;
		};
		00D9995C252A25FF0004518A /* Sources */ = {
			isa = PBXSourcesBuildPhase;
			buildActionMask = 2147483647;
			files = (
				00D99965252A25FF0004518A /* SafeVaultsTests.swift in Sources */,
			);
			runOnlyForDeploymentPostprocessing = 0;
		};
		00D99967252A25FF0004518A /* Sources */ = {
			isa = PBXSourcesBuildPhase;
			buildActionMask = 2147483647;
			files = (
				00D99970252A25FF0004518A /* SafeVaultsUITests.swift in Sources */,
			);
			runOnlyForDeploymentPostprocessing = 0;
		};
		00FA97FA2542464D00F72F73 /* Sources */ = {
			isa = PBXSourcesBuildPhase;
			buildActionMask = 2147483647;
			files = (
				00FA9818254247A700F72F73 /* Vault.swift in Sources */,
				00FA980B2542465000F72F73 /* SafeVaultWidget.intentdefinition in Sources */,
				00FA98062542464D00F72F73 /* SafeVaultWidget.swift in Sources */,
				00FA9822254247B900F72F73 /* VaultRow.swift in Sources */,
				00FA9827254247C500F72F73 /* TokenLogo.swift in Sources */,
				00FA981D254247AE00F72F73 /* Helpers.swift in Sources */,
				00FA982C254247CE00F72F73 /* API.swift in Sources */,
				00FA982D254247CE00F72F73 /* ConditionalModifier.swift in Sources */,
			);
			runOnlyForDeploymentPostprocessing = 0;
		};
/* End PBXSourcesBuildPhase section */

/* Begin PBXTargetDependency section */
		00D99962252A25FF0004518A /* PBXTargetDependency */ = {
			isa = PBXTargetDependency;
			target = 00D9994E252A25FE0004518A /* SafeVaults */;
			targetProxy = 00D99961252A25FF0004518A /* PBXContainerItemProxy */;
		};
		00D9996D252A25FF0004518A /* PBXTargetDependency */ = {
			isa = PBXTargetDependency;
			target = 00D9994E252A25FE0004518A /* SafeVaults */;
			targetProxy = 00D9996C252A25FF0004518A /* PBXContainerItemProxy */;
		};
		00FA980E2542465000F72F73 /* PBXTargetDependency */ = {
			isa = PBXTargetDependency;
			target = 00FA97FD2542464D00F72F73 /* SafeVaultWidgetExtension */;
			targetProxy = 00FA980D2542465000F72F73 /* PBXContainerItemProxy */;
		};
/* End PBXTargetDependency section */

/* Begin XCBuildConfiguration section */
		00D99972252A25FF0004518A /* Debug */ = {
			isa = XCBuildConfiguration;
			buildSettings = {
				ALWAYS_SEARCH_USER_PATHS = NO;
				CLANG_ANALYZER_NONNULL = YES;
				CLANG_ANALYZER_NUMBER_OBJECT_CONVERSION = YES_AGGRESSIVE;
				CLANG_CXX_LANGUAGE_STANDARD = "gnu++14";
				CLANG_CXX_LIBRARY = "libc++";
				CLANG_ENABLE_MODULES = YES;
				CLANG_ENABLE_OBJC_ARC = YES;
				CLANG_ENABLE_OBJC_WEAK = YES;
				CLANG_WARN_BLOCK_CAPTURE_AUTORELEASING = YES;
				CLANG_WARN_BOOL_CONVERSION = YES;
				CLANG_WARN_COMMA = YES;
				CLANG_WARN_CONSTANT_CONVERSION = YES;
				CLANG_WARN_DEPRECATED_OBJC_IMPLEMENTATIONS = YES;
				CLANG_WARN_DIRECT_OBJC_ISA_USAGE = YES_ERROR;
				CLANG_WARN_DOCUMENTATION_COMMENTS = YES;
				CLANG_WARN_EMPTY_BODY = YES;
				CLANG_WARN_ENUM_CONVERSION = YES;
				CLANG_WARN_INFINITE_RECURSION = YES;
				CLANG_WARN_INT_CONVERSION = YES;
				CLANG_WARN_NON_LITERAL_NULL_CONVERSION = YES;
				CLANG_WARN_OBJC_IMPLICIT_RETAIN_SELF = YES;
				CLANG_WARN_OBJC_LITERAL_CONVERSION = YES;
				CLANG_WARN_OBJC_ROOT_CLASS = YES_ERROR;
				CLANG_WARN_QUOTED_INCLUDE_IN_FRAMEWORK_HEADER = YES;
				CLANG_WARN_RANGE_LOOP_ANALYSIS = YES;
				CLANG_WARN_STRICT_PROTOTYPES = YES;
				CLANG_WARN_SUSPICIOUS_MOVE = YES;
				CLANG_WARN_UNGUARDED_AVAILABILITY = YES_AGGRESSIVE;
				CLANG_WARN_UNREACHABLE_CODE = YES;
				CLANG_WARN__DUPLICATE_METHOD_MATCH = YES;
				COPY_PHASE_STRIP = NO;
				DEBUG_INFORMATION_FORMAT = dwarf;
				ENABLE_STRICT_OBJC_MSGSEND = YES;
				ENABLE_TESTABILITY = YES;
				GCC_C_LANGUAGE_STANDARD = gnu11;
				GCC_DYNAMIC_NO_PIC = NO;
				GCC_NO_COMMON_BLOCKS = YES;
				GCC_OPTIMIZATION_LEVEL = 0;
				GCC_PREPROCESSOR_DEFINITIONS = (
					"DEBUG=1",
					"$(inherited)",
				);
				GCC_WARN_64_TO_32_BIT_CONVERSION = YES;
				GCC_WARN_ABOUT_RETURN_TYPE = YES_ERROR;
				GCC_WARN_UNDECLARED_SELECTOR = YES;
				GCC_WARN_UNINITIALIZED_AUTOS = YES_AGGRESSIVE;
				GCC_WARN_UNUSED_FUNCTION = YES;
				GCC_WARN_UNUSED_VARIABLE = YES;
				IPHONEOS_DEPLOYMENT_TARGET = 14.0;
				MTL_ENABLE_DEBUG_INFO = INCLUDE_SOURCE;
				MTL_FAST_MATH = YES;
				ONLY_ACTIVE_ARCH = YES;
				SDKROOT = iphoneos;
				SWIFT_ACTIVE_COMPILATION_CONDITIONS = DEBUG;
				SWIFT_OPTIMIZATION_LEVEL = "-Onone";
			};
			name = Debug;
		};
		00D99973252A25FF0004518A /* Release */ = {
			isa = XCBuildConfiguration;
			buildSettings = {
				ALWAYS_SEARCH_USER_PATHS = NO;
				CLANG_ANALYZER_NONNULL = YES;
				CLANG_ANALYZER_NUMBER_OBJECT_CONVERSION = YES_AGGRESSIVE;
				CLANG_CXX_LANGUAGE_STANDARD = "gnu++14";
				CLANG_CXX_LIBRARY = "libc++";
				CLANG_ENABLE_MODULES = YES;
				CLANG_ENABLE_OBJC_ARC = YES;
				CLANG_ENABLE_OBJC_WEAK = YES;
				CLANG_WARN_BLOCK_CAPTURE_AUTORELEASING = YES;
				CLANG_WARN_BOOL_CONVERSION = YES;
				CLANG_WARN_COMMA = YES;
				CLANG_WARN_CONSTANT_CONVERSION = YES;
				CLANG_WARN_DEPRECATED_OBJC_IMPLEMENTATIONS = YES;
				CLANG_WARN_DIRECT_OBJC_ISA_USAGE = YES_ERROR;
				CLANG_WARN_DOCUMENTATION_COMMENTS = YES;
				CLANG_WARN_EMPTY_BODY = YES;
				CLANG_WARN_ENUM_CONVERSION = YES;
				CLANG_WARN_INFINITE_RECURSION = YES;
				CLANG_WARN_INT_CONVERSION = YES;
				CLANG_WARN_NON_LITERAL_NULL_CONVERSION = YES;
				CLANG_WARN_OBJC_IMPLICIT_RETAIN_SELF = YES;
				CLANG_WARN_OBJC_LITERAL_CONVERSION = YES;
				CLANG_WARN_OBJC_ROOT_CLASS = YES_ERROR;
				CLANG_WARN_QUOTED_INCLUDE_IN_FRAMEWORK_HEADER = YES;
				CLANG_WARN_RANGE_LOOP_ANALYSIS = YES;
				CLANG_WARN_STRICT_PROTOTYPES = YES;
				CLANG_WARN_SUSPICIOUS_MOVE = YES;
				CLANG_WARN_UNGUARDED_AVAILABILITY = YES_AGGRESSIVE;
				CLANG_WARN_UNREACHABLE_CODE = YES;
				CLANG_WARN__DUPLICATE_METHOD_MATCH = YES;
				COPY_PHASE_STRIP = NO;
				DEBUG_INFORMATION_FORMAT = "dwarf-with-dsym";
				ENABLE_NS_ASSERTIONS = NO;
				ENABLE_STRICT_OBJC_MSGSEND = YES;
				GCC_C_LANGUAGE_STANDARD = gnu11;
				GCC_NO_COMMON_BLOCKS = YES;
				GCC_WARN_64_TO_32_BIT_CONVERSION = YES;
				GCC_WARN_ABOUT_RETURN_TYPE = YES_ERROR;
				GCC_WARN_UNDECLARED_SELECTOR = YES;
				GCC_WARN_UNINITIALIZED_AUTOS = YES_AGGRESSIVE;
				GCC_WARN_UNUSED_FUNCTION = YES;
				GCC_WARN_UNUSED_VARIABLE = YES;
				IPHONEOS_DEPLOYMENT_TARGET = 14.0;
				MTL_ENABLE_DEBUG_INFO = NO;
				MTL_FAST_MATH = YES;
				SDKROOT = iphoneos;
				SWIFT_COMPILATION_MODE = wholemodule;
				SWIFT_OPTIMIZATION_LEVEL = "-O";
				VALIDATE_PRODUCT = YES;
			};
			name = Release;
		};
		00D99975252A25FF0004518A /* Debug */ = {
			isa = XCBuildConfiguration;
			buildSettings = {
				ALWAYS_EMBED_SWIFT_STANDARD_LIBRARIES = YES;
				ASSETCATALOG_COMPILER_APPICON_NAME = AppIcon;
				ASSETCATALOG_COMPILER_GLOBAL_ACCENT_COLOR_NAME = AccentColor;
				CODE_SIGN_ENTITLEMENTS = SafeVaults/SafeVaults.entitlements;
				CODE_SIGN_STYLE = Automatic;
				DEVELOPMENT_ASSET_PATHS = "\"SafeVaults/Preview Content\"";
				DEVELOPMENT_TEAM = WAR65BN6YX;
				ENABLE_PREVIEWS = YES;
				INFOPLIST_FILE = SafeVaults/Info.plist;
				IPHONEOS_DEPLOYMENT_TARGET = 14.0;
				LD_RUNPATH_SEARCH_PATHS = (
					"$(inherited)",
					"@executable_path/Frameworks",
				);
				PRODUCT_BUNDLE_IDENTIFIER = com.rg.SafeVaults;
				PRODUCT_NAME = "$(TARGET_NAME)";
				SWIFT_VERSION = 5.0;
				TARGETED_DEVICE_FAMILY = 1;
			};
			name = Debug;
		};
		00D99976252A25FF0004518A /* Release */ = {
			isa = XCBuildConfiguration;
			buildSettings = {
				ALWAYS_EMBED_SWIFT_STANDARD_LIBRARIES = YES;
				ASSETCATALOG_COMPILER_APPICON_NAME = AppIcon;
				ASSETCATALOG_COMPILER_GLOBAL_ACCENT_COLOR_NAME = AccentColor;
				CODE_SIGN_ENTITLEMENTS = SafeVaults/SafeVaults.entitlements;
				CODE_SIGN_STYLE = Automatic;
				DEVELOPMENT_ASSET_PATHS = "\"SafeVaults/Preview Content\"";
				DEVELOPMENT_TEAM = WAR65BN6YX;
				ENABLE_PREVIEWS = YES;
				INFOPLIST_FILE = SafeVaults/Info.plist;
				IPHONEOS_DEPLOYMENT_TARGET = 14.0;
				LD_RUNPATH_SEARCH_PATHS = (
					"$(inherited)",
					"@executable_path/Frameworks",
				);
				PRODUCT_BUNDLE_IDENTIFIER = com.rg.SafeVaults;
				PRODUCT_NAME = "$(TARGET_NAME)";
				SWIFT_VERSION = 5.0;
				TARGETED_DEVICE_FAMILY = 1;
			};
			name = Release;
		};
		00D99978252A25FF0004518A /* Debug */ = {
			isa = XCBuildConfiguration;
			buildSettings = {
				ALWAYS_EMBED_SWIFT_STANDARD_LIBRARIES = YES;
				BUNDLE_LOADER = "$(TEST_HOST)";
				CODE_SIGN_STYLE = Automatic;
				DEVELOPMENT_TEAM = WAR65BN6YX;
				INFOPLIST_FILE = SafeVaultsTests/Info.plist;
				IPHONEOS_DEPLOYMENT_TARGET = 14.0;
				LD_RUNPATH_SEARCH_PATHS = (
					"$(inherited)",
					"@executable_path/Frameworks",
					"@loader_path/Frameworks",
				);
				PRODUCT_BUNDLE_IDENTIFIER = com.rg.SafeVaultsTests;
				PRODUCT_NAME = "$(TARGET_NAME)";
				SWIFT_VERSION = 5.0;
				TARGETED_DEVICE_FAMILY = "1,2";
				TEST_HOST = "$(BUILT_PRODUCTS_DIR)/SafeVaults.app/SafeVaults";
			};
			name = Debug;
		};
		00D99979252A25FF0004518A /* Release */ = {
			isa = XCBuildConfiguration;
			buildSettings = {
				ALWAYS_EMBED_SWIFT_STANDARD_LIBRARIES = YES;
				BUNDLE_LOADER = "$(TEST_HOST)";
				CODE_SIGN_STYLE = Automatic;
				DEVELOPMENT_TEAM = WAR65BN6YX;
				INFOPLIST_FILE = SafeVaultsTests/Info.plist;
				IPHONEOS_DEPLOYMENT_TARGET = 14.0;
				LD_RUNPATH_SEARCH_PATHS = (
					"$(inherited)",
					"@executable_path/Frameworks",
					"@loader_path/Frameworks",
				);
				PRODUCT_BUNDLE_IDENTIFIER = com.rg.SafeVaultsTests;
				PRODUCT_NAME = "$(TARGET_NAME)";
				SWIFT_VERSION = 5.0;
				TARGETED_DEVICE_FAMILY = "1,2";
				TEST_HOST = "$(BUILT_PRODUCTS_DIR)/SafeVaults.app/SafeVaults";
			};
			name = Release;
		};
		00D9997B252A25FF0004518A /* Debug */ = {
			isa = XCBuildConfiguration;
			buildSettings = {
				ALWAYS_EMBED_SWIFT_STANDARD_LIBRARIES = YES;
				CODE_SIGN_STYLE = Automatic;
				DEVELOPMENT_TEAM = WAR65BN6YX;
				INFOPLIST_FILE = SafeVaultsUITests/Info.plist;
				LD_RUNPATH_SEARCH_PATHS = (
					"$(inherited)",
					"@executable_path/Frameworks",
					"@loader_path/Frameworks",
				);
				PRODUCT_BUNDLE_IDENTIFIER = com.rg.SafeVaultsUITests;
				PRODUCT_NAME = "$(TARGET_NAME)";
				SWIFT_VERSION = 5.0;
				TARGETED_DEVICE_FAMILY = "1,2";
				TEST_TARGET_NAME = SafeVaults;
			};
			name = Debug;
		};
		00D9997C252A25FF0004518A /* Release */ = {
			isa = XCBuildConfiguration;
			buildSettings = {
				ALWAYS_EMBED_SWIFT_STANDARD_LIBRARIES = YES;
				CODE_SIGN_STYLE = Automatic;
				DEVELOPMENT_TEAM = WAR65BN6YX;
				INFOPLIST_FILE = SafeVaultsUITests/Info.plist;
				LD_RUNPATH_SEARCH_PATHS = (
					"$(inherited)",
					"@executable_path/Frameworks",
					"@loader_path/Frameworks",
				);
				PRODUCT_BUNDLE_IDENTIFIER = com.rg.SafeVaultsUITests;
				PRODUCT_NAME = "$(TARGET_NAME)";
				SWIFT_VERSION = 5.0;
				TARGETED_DEVICE_FAMILY = "1,2";
				TEST_TARGET_NAME = SafeVaults;
			};
			name = Release;
		};
		00FA98112542465000F72F73 /* Debug */ = {
			isa = XCBuildConfiguration;
			buildSettings = {
				ASSETCATALOG_COMPILER_GLOBAL_ACCENT_COLOR_NAME = AccentColor;
				ASSETCATALOG_COMPILER_WIDGET_BACKGROUND_COLOR_NAME = WidgetBackground;
				CODE_SIGN_STYLE = Automatic;
				DEVELOPMENT_TEAM = WAR65BN6YX;
				INFOPLIST_FILE = SafeVaultWidget/Info.plist;
				LD_RUNPATH_SEARCH_PATHS = (
					"$(inherited)",
					"@executable_path/Frameworks",
					"@executable_path/../../Frameworks",
				);
				PRODUCT_BUNDLE_IDENTIFIER = com.rg.SafeVaults.SafeVaultWidget;
				PRODUCT_NAME = "$(TARGET_NAME)";
				SKIP_INSTALL = YES;
				SWIFT_VERSION = 5.0;
				TARGETED_DEVICE_FAMILY = "1,2";
			};
			name = Debug;
		};
		00FA98122542465000F72F73 /* Release */ = {
			isa = XCBuildConfiguration;
			buildSettings = {
				ASSETCATALOG_COMPILER_GLOBAL_ACCENT_COLOR_NAME = AccentColor;
				ASSETCATALOG_COMPILER_WIDGET_BACKGROUND_COLOR_NAME = WidgetBackground;
				CODE_SIGN_STYLE = Automatic;
				DEVELOPMENT_TEAM = WAR65BN6YX;
				INFOPLIST_FILE = SafeVaultWidget/Info.plist;
				LD_RUNPATH_SEARCH_PATHS = (
					"$(inherited)",
					"@executable_path/Frameworks",
					"@executable_path/../../Frameworks",
				);
				PRODUCT_BUNDLE_IDENTIFIER = com.rg.SafeVaults.SafeVaultWidget;
				PRODUCT_NAME = "$(TARGET_NAME)";
				SKIP_INSTALL = YES;
				SWIFT_VERSION = 5.0;
				TARGETED_DEVICE_FAMILY = "1,2";
			};
			name = Release;
		};
/* End XCBuildConfiguration section */

/* Begin XCConfigurationList section */
		00D9994A252A25FE0004518A /* Build configuration list for PBXProject "SafeVaults" */ = {
			isa = XCConfigurationList;
			buildConfigurations = (
				00D99972252A25FF0004518A /* Debug */,
				00D99973252A25FF0004518A /* Release */,
			);
			defaultConfigurationIsVisible = 0;
			defaultConfigurationName = Release;
		};
		00D99974252A25FF0004518A /* Build configuration list for PBXNativeTarget "SafeVaults" */ = {
			isa = XCConfigurationList;
			buildConfigurations = (
				00D99975252A25FF0004518A /* Debug */,
				00D99976252A25FF0004518A /* Release */,
			);
			defaultConfigurationIsVisible = 0;
			defaultConfigurationName = Release;
		};
		00D99977252A25FF0004518A /* Build configuration list for PBXNativeTarget "SafeVaultsTests" */ = {
			isa = XCConfigurationList;
			buildConfigurations = (
				00D99978252A25FF0004518A /* Debug */,
				00D99979252A25FF0004518A /* Release */,
			);
			defaultConfigurationIsVisible = 0;
			defaultConfigurationName = Release;
		};
		00D9997A252A25FF0004518A /* Build configuration list for PBXNativeTarget "SafeVaultsUITests" */ = {
			isa = XCConfigurationList;
			buildConfigurations = (
				00D9997B252A25FF0004518A /* Debug */,
				00D9997C252A25FF0004518A /* Release */,
			);
			defaultConfigurationIsVisible = 0;
			defaultConfigurationName = Release;
		};
		00FA98102542465000F72F73 /* Build configuration list for PBXNativeTarget "SafeVaultWidgetExtension" */ = {
			isa = XCConfigurationList;
			buildConfigurations = (
				00FA98112542465000F72F73 /* Debug */,
				00FA98122542465000F72F73 /* Release */,
			);
			defaultConfigurationIsVisible = 0;
			defaultConfigurationName = Release;
		};
/* End XCConfigurationList section */
	};
	rootObject = 00D99947252A25FE0004518A /* Project object */;
}
